
Microsoft Visual Studio Solution File, Format Version 12.00
# Visual Studio 15
VisualStudioVersion = 15.0.28307.489
MinimumVisualStudioVersion = 10.0.40219.1
Project("{FAE04EC0-301F-11D3-BF4B-00C04F79EFBC}") = "Test", "Test\Test.csproj", "{D42C237A-F9F2-4AA4-91E6-C5ED8F4A8A9C}"
EndProject
Project("{FAE04EC0-301F-11D3-BF4B-00C04F79EFBC}") = "ProtoCommU", "ProtoCommU\ProtoCommU.csproj", "{057B0A4F-8502-4F7C-88A7-A496C29233AF}"
EndProject
Project("{FAE04EC0-301F-11D3-BF4B-00C04F79EFBC}") = "CmdLineFile", "CmdLineFile\CmdLineFile.csproj", "{228B7A95-CA54-42D9-BAE1-AD413475F9C6}"
EndProject
Project("{2150E333-8FDC-42A3-9474-1A3956D46DE8}") = "Files", "Files", "{EA371DD8-0F3A-49F7-82A4-EE0DF978091B}"
	ProjectSection(SolutionItems) = preProject
		Files\MyCmdLineFile.txt = Files\MyCmdLineFile.txt
	EndProjectSection
EndProject
Project("{FAE04EC0-301F-11D3-BF4B-00C04F79EFBC}") = "RisLibCs", "RisLibCs\RisLibCs.csproj", "{24BDD76E-434D-4685-AA8B-8A7A033B5C20}"
EndProject
Global
	GlobalSection(SolutionConfigurationPlatforms) = preSolution
		Debug|Any CPU = Debug|Any CPU
		Release|Any CPU = Release|Any CPU
	EndGlobalSection
	GlobalSection(ProjectConfigurationPlatforms) = postSolution
		{D42C237A-F9F2-4AA4-91E6-C5ED8F4A8A9C}.Debug|Any CPU.ActiveCfg = Debug|Any CPU
		{D42C237A-F9F2-4AA4-91E6-C5ED8F4A8A9C}.Debug|Any CPU.Build.0 = Debug|Any CPU
		{D42C237A-F9F2-4AA4-91E6-C5ED8F4A8A9C}.Release|Any CPU.ActiveCfg = Release|Any CPU
		{D42C237A-F9F2-4AA4-91E6-C5ED8F4A8A9C}.Release|Any CPU.Build.0 = Release|Any CPU
		{057B0A4F-8502-4F7C-88A7-A496C29233AF}.Debug|Any CPU.ActiveCfg = Debug|Any CPU
		{057B0A4F-8502-4F7C-88A7-A496C29233AF}.Debug|Any CPU.Build.0 = Debug|Any CPU
		{057B0A4F-8502-4F7C-88A7-A496C29233AF}.Release|Any CPU.ActiveCfg = Release|Any CPU
		{057B0A4F-8502-4F7C-88A7-A496C29233AF}.Release|Any CPU.Build.0 = Release|Any CPU
		{228B7A95-CA54-42D9-BAE1-AD413475F9C6}.Debug|Any CPU.ActiveCfg = Debug|Any CPU
		{228B7A95-CA54-42D9-BAE1-AD413475F9C6}.Debug|Any CPU.Build.0 = Debug|Any CPU
		{228B7A95-CA54-42D9-BAE1-AD413475F9C6}.Release|Any CPU.ActiveCfg = Release|Any CPU
		{228B7A95-CA54-42D9-BAE1-AD413475F9C6}.Release|Any CPU.Build.0 = Release|Any CPU
		{24BDD76E-434D-4685-AA8B-8A7A033B5C20}.Debug|Any CPU.ActiveCfg = Debug|Any CPU
		{24BDD76E-434D-4685-AA8B-8A7A033B5C20}.Debug|Any CPU.Build.0 = Debug|Any CPU
		{24BDD76E-434D-4685-AA8B-8A7A033B5C20}.Release|Any CPU.ActiveCfg = Release|Any CPU
		{24BDD76E-434D-4685-AA8B-8A7A033B5C20}.Release|Any CPU.Build.0 = Release|Any CPU
	EndGlobalSection
	GlobalSection(SolutionProperties) = preSolution
		HideSolutionNode = FALSE
	EndGlobalSection
	GlobalSection(ExtensibilityGlobals) = postSolution
		SolutionGuid = {2C0D849A-276B-42FC-A984-7B26A97CDF76}
	EndGlobalSection
EndGlobal
